// !$*UTF8*$!
{
	archiveVersion = 1;
	classes = {
	};
	objectVersion = 46;
	objects = {

/* Begin PBXBuildFile section */
		1A2B5E8622D2EFF300AAC0ED /* SDL2.framework in Frameworks */ = {isa = PBXBuildFile; fileRef = 1A2B5E8522D2EFF300AAC0ED /* SDL2.framework */; };
		1AA1724723C865CD00D9A3F8 /* Block.cpp in Sources */ = {isa = PBXBuildFile; fileRef = 1AA1723423C865CD00D9A3F8 /* Block.cpp */; };
		1AA1724823C865CD00D9A3F8 /* BlockManager.cpp in Sources */ = {isa = PBXBuildFile; fileRef = 1AA1723523C865CD00D9A3F8 /* BlockManager.cpp */; };
		1AA1724923C865CD00D9A3F8 /* Camera.cpp in Sources */ = {isa = PBXBuildFile; fileRef = 1AA1723623C865CD00D9A3F8 /* Camera.cpp */; };
		1AA1724A23C865CD00D9A3F8 /* Entity.cpp in Sources */ = {isa = PBXBuildFile; fileRef = 1AA1723723C865CD00D9A3F8 /* Entity.cpp */; };
		1AA1724B23C865CD00D9A3F8 /* EventManager.cpp in Sources */ = {isa = PBXBuildFile; fileRef = 1AA1723823C865CD00D9A3F8 /* EventManager.cpp */; };
		1AA1724C23C865CD00D9A3F8 /* FpsLimiter.cpp in Sources */ = {isa = PBXBuildFile; fileRef = 1AA1723923C865CD00D9A3F8 /* FpsLimiter.cpp */; };
		1AA1724D23C865CD00D9A3F8 /* GameManager.cpp in Sources */ = {isa = PBXBuildFile; fileRef = 1AA1723A23C865CD00D9A3F8 /* GameManager.cpp */; };
		1AA1724E23C865CD00D9A3F8 /* Image.cpp in Sources */ = {isa = PBXBuildFile; fileRef = 1AA1723B23C865CD00D9A3F8 /* Image.cpp */; };
		1AA1724F23C865CD00D9A3F8 /* Keyboard.cpp in Sources */ = {isa = PBXBuildFile; fileRef = 1AA1723C23C865CD00D9A3F8 /* Keyboard.cpp */; };
		1AA1725023C865CD00D9A3F8 /* Lava.cpp in Sources */ = {isa = PBXBuildFile; fileRef = 1AA1723D23C865CD00D9A3F8 /* Lava.cpp */; };
		1AA1725123C865CD00D9A3F8 /* main.cpp in Sources */ = {isa = PBXBuildFile; fileRef = 1AA1723E23C865CD00D9A3F8 /* main.cpp */; };
		1AA1725223C865CD00D9A3F8 /* Mouse.cpp in Sources */ = {isa = PBXBuildFile; fileRef = 1AA1723F23C865CD00D9A3F8 /* Mouse.cpp */; };
		1AA1725323C865CD00D9A3F8 /* Path.cpp in Sources */ = {isa = PBXBuildFile; fileRef = 1AA1724023C865CD00D9A3F8 /* Path.cpp */; };
		1AA1725423C865CD00D9A3F8 /* Player.cpp in Sources */ = {isa = PBXBuildFile; fileRef = 1AA1724123C865CD00D9A3F8 /* Player.cpp */; };
		1AA1725523C865CD00D9A3F8 /* Text.cpp in Sources */ = {isa = PBXBuildFile; fileRef = 1AA1724223C865CD00D9A3F8 /* Text.cpp */; };
		1AA1725623C865CD00D9A3F8 /* Timer.cpp in Sources */ = {isa = PBXBuildFile; fileRef = 1AA1724323C865CD00D9A3F8 /* Timer.cpp */; };
		1AA1725723C865CD00D9A3F8 /* Utils.cpp in Sources */ = {isa = PBXBuildFile; fileRef = 1AA1724423C865CD00D9A3F8 /* Utils.cpp */; };
		1AA1725823C865CD00D9A3F8 /* vec2.cpp in Sources */ = {isa = PBXBuildFile; fileRef = 1AA1724523C865CD00D9A3F8 /* vec2.cpp */; };
		1AA1725923C865CD00D9A3F8 /* Window.cpp in Sources */ = {isa = PBXBuildFile; fileRef = 1AA1724623C865CD00D9A3F8 /* Window.cpp */; };
/* End PBXBuildFile section */

/* Begin PBXCopyFilesBuildPhase section */
		1A2B5E7922D2EEFB00AAC0ED /* CopyFiles */ = {
			isa = PBXCopyFilesBuildPhase;
			buildActionMask = 2147483647;
			dstPath = /usr/share/man/man1/;
			dstSubfolderSpec = 0;
			files = (
			);
			runOnlyForDeploymentPostprocessing = 1;
		};
/* End PBXCopyFilesBuildPhase section */

/* Begin PBXFileReference section */
		1A2B5E7B22D2EEFB00AAC0ED /* Avalanche */ = {isa = PBXFileReference; explicitFileType = "compiled.mach-o.executable"; includeInIndex = 0; path = Avalanche; sourceTree = BUILT_PRODUCTS_DIR; };
		1A2B5E8522D2EFF300AAC0ED /* SDL2.framework */ = {isa = PBXFileReference; lastKnownFileType = wrapper.framework; name = SDL2.framework; path = ../../../../../Library/Frameworks/SDL2.framework; sourceTree = "<group>"; };
		1AA1723423C865CD00D9A3F8 /* Block.cpp */ = {isa = PBXFileReference; fileEncoding = 4; lastKnownFileType = sourcecode.cpp.cpp; name = Block.cpp; path = source/Block.cpp; sourceTree = SOURCE_ROOT; };
		1AA1723523C865CD00D9A3F8 /* BlockManager.cpp */ = {isa = PBXFileReference; fileEncoding = 4; lastKnownFileType = sourcecode.cpp.cpp; name = BlockManager.cpp; path = source/BlockManager.cpp; sourceTree = SOURCE_ROOT; };
		1AA1723623C865CD00D9A3F8 /* Camera.cpp */ = {isa = PBXFileReference; fileEncoding = 4; lastKnownFileType = sourcecode.cpp.cpp; name = Camera.cpp; path = source/Camera.cpp; sourceTree = SOURCE_ROOT; };
		1AA1723723C865CD00D9A3F8 /* Entity.cpp */ = {isa = PBXFileReference; fileEncoding = 4; lastKnownFileType = sourcecode.cpp.cpp; name = Entity.cpp; path = source/Entity.cpp; sourceTree = SOURCE_ROOT; };
		1AA1723823C865CD00D9A3F8 /* EventManager.cpp */ = {isa = PBXFileReference; fileEncoding = 4; lastKnownFileType = sourcecode.cpp.cpp; name = EventManager.cpp; path = source/EventManager.cpp; sourceTree = SOURCE_ROOT; };
		1AA1723923C865CD00D9A3F8 /* FpsLimiter.cpp */ = {isa = PBXFileReference; fileEncoding = 4; lastKnownFileType = sourcecode.cpp.cpp; name = FpsLimiter.cpp; path = source/FpsLimiter.cpp; sourceTree = SOURCE_ROOT; };
		1AA1723A23C865CD00D9A3F8 /* GameManager.cpp */ = {isa = PBXFileReference; fileEncoding = 4; lastKnownFileType = sourcecode.cpp.cpp; name = GameManager.cpp; path = source/GameManager.cpp; sourceTree = SOURCE_ROOT; };
		1AA1723B23C865CD00D9A3F8 /* Image.cpp */ = {isa = PBXFileReference; fileEncoding = 4; lastKnownFileType = sourcecode.cpp.cpp; name = Image.cpp; path = source/Image.cpp; sourceTree = SOURCE_ROOT; };
		1AA1723C23C865CD00D9A3F8 /* Keyboard.cpp */ = {isa = PBXFileReference; fileEncoding = 4; lastKnownFileType = sourcecode.cpp.cpp; name = Keyboard.cpp; path = source/Keyboard.cpp; sourceTree = SOURCE_ROOT; };
		1AA1723D23C865CD00D9A3F8 /* Lava.cpp */ = {isa = PBXFileReference; fileEncoding = 4; lastKnownFileType = sourcecode.cpp.cpp; name = Lava.cpp; path = source/Lava.cpp; sourceTree = SOURCE_ROOT; };
		1AA1723E23C865CD00D9A3F8 /* main.cpp */ = {isa = PBXFileReference; fileEncoding = 4; lastKnownFileType = sourcecode.cpp.cpp; name = main.cpp; path = source/main.cpp; sourceTree = SOURCE_ROOT; };
		1AA1723F23C865CD00D9A3F8 /* Mouse.cpp */ = {isa = PBXFileReference; fileEncoding = 4; lastKnownFileType = sourcecode.cpp.cpp; name = Mouse.cpp; path = source/Mouse.cpp; sourceTree = SOURCE_ROOT; };
		1AA1724023C865CD00D9A3F8 /* Path.cpp */ = {isa = PBXFileReference; fileEncoding = 4; lastKnownFileType = sourcecode.cpp.cpp; name = Path.cpp; path = source/Path.cpp; sourceTree = SOURCE_ROOT; };
		1AA1724123C865CD00D9A3F8 /* Player.cpp */ = {isa = PBXFileReference; fileEncoding = 4; lastKnownFileType = sourcecode.cpp.cpp; name = Player.cpp; path = source/Player.cpp; sourceTree = SOURCE_ROOT; };
		1AA1724223C865CD00D9A3F8 /* Text.cpp */ = {isa = PBXFileReference; fileEncoding = 4; lastKnownFileType = sourcecode.cpp.cpp; name = Text.cpp; path = source/Text.cpp; sourceTree = SOURCE_ROOT; };
		1AA1724323C865CD00D9A3F8 /* Timer.cpp */ = {isa = PBXFileReference; fileEncoding = 4; lastKnownFileType = sourcecode.cpp.cpp; name = Timer.cpp; path = source/Timer.cpp; sourceTree = SOURCE_ROOT; };
		1AA1724423C865CD00D9A3F8 /* Utils.cpp */ = {isa = PBXFileReference; fileEncoding = 4; lastKnownFileType = sourcecode.cpp.cpp; name = Utils.cpp; path = source/Utils.cpp; sourceTree = SOURCE_ROOT; };
		1AA1724523C865CD00D9A3F8 /* vec2.cpp */ = {isa = PBXFileReference; fileEncoding = 4; lastKnownFileType = sourcecode.cpp.cpp; name = vec2.cpp; path = source/vec2.cpp; sourceTree = SOURCE_ROOT; };
		1AA1724623C865CD00D9A3F8 /* Window.cpp */ = {isa = PBXFileReference; fileEncoding = 4; lastKnownFileType = sourcecode.cpp.cpp; name = Window.cpp; path = source/Window.cpp; sourceTree = SOURCE_ROOT; };
		1AA1725A23C865DC00D9A3F8 /* Block.hpp */ = {isa = PBXFileReference; fileEncoding = 4; lastKnownFileType = sourcecode.cpp.h; name = Block.hpp; path = Headers/Block.hpp; sourceTree = SOURCE_ROOT; };
		1AA1725B23C865DC00D9A3F8 /* BlockManager.hpp */ = {isa = PBXFileReference; fileEncoding = 4; lastKnownFileType = sourcecode.cpp.h; name = BlockManager.hpp; path = Headers/BlockManager.hpp; sourceTree = SOURCE_ROOT; };
		1AA1725C23C865DC00D9A3F8 /* bool2.hpp */ = {isa = PBXFileReference; fileEncoding = 4; lastKnownFileType = sourcecode.cpp.h; name = bool2.hpp; path = Headers/bool2.hpp; sourceTree = SOURCE_ROOT; };
		1AA1725D23C865DC00D9A3F8 /* Button.hpp */ = {isa = PBXFileReference; fileEncoding = 4; lastKnownFileType = sourcecode.cpp.h; name = Button.hpp; path = Headers/Button.hpp; sourceTree = SOURCE_ROOT; };
		1AA1725E23C865DC00D9A3F8 /* Camera.hpp */ = {isa = PBXFileReference; fileEncoding = 4; lastKnownFileType = sourcecode.cpp.h; name = Camera.hpp; path = Headers/Camera.hpp; sourceTree = SOURCE_ROOT; };
		1AA1725F23C865DC00D9A3F8 /* Entity.hpp */ = {isa = PBXFileReference; fileEncoding = 4; lastKnownFileType = sourcecode.cpp.h; name = Entity.hpp; path = Headers/Entity.hpp; sourceTree = SOURCE_ROOT; };
		1AA1726023C865DC00D9A3F8 /* EventManager.hpp */ = {isa = PBXFileReference; fileEncoding = 4; lastKnownFileType = sourcecode.cpp.h; name = EventManager.hpp; path = Headers/EventManager.hpp; sourceTree = SOURCE_ROOT; };
		1AA1726123C865DC00D9A3F8 /* FpsLimiter.hpp */ = {isa = PBXFileReference; fileEncoding = 4; lastKnownFileType = sourcecode.cpp.h; name = FpsLimiter.hpp; path = Headers/FpsLimiter.hpp; sourceTree = SOURCE_ROOT; };
		1AA1726223C865DC00D9A3F8 /* GameManager.hpp */ = {isa = PBXFileReference; fileEncoding = 4; lastKnownFileType = sourcecode.cpp.h; name = GameManager.hpp; path = Headers/GameManager.hpp; sourceTree = SOURCE_ROOT; };
		1AA1726423C865DC00D9A3F8 /* Image.hpp */ = {isa = PBXFileReference; fileEncoding = 4; lastKnownFileType = sourcecode.cpp.h; name = Image.hpp; path = Headers/Image.hpp; sourceTree = SOURCE_ROOT; };
		1AA1726523C865DC00D9A3F8 /* Keyboard.hpp */ = {isa = PBXFileReference; fileEncoding = 4; lastKnownFileType = sourcecode.cpp.h; name = Keyboard.hpp; path = Headers/Keyboard.hpp; sourceTree = SOURCE_ROOT; };
		1AA1726623C865DC00D9A3F8 /* Lava.hpp */ = {isa = PBXFileReference; fileEncoding = 4; lastKnownFileType = sourcecode.cpp.h; name = Lava.hpp; path = Headers/Lava.hpp; sourceTree = SOURCE_ROOT; };
		1AA1726723C865DC00D9A3F8 /* List.hpp */ = {isa = PBXFileReference; fileEncoding = 4; lastKnownFileType = sourcecode.cpp.h; name = List.hpp; path = Headers/List.hpp; sourceTree = SOURCE_ROOT; };
		1AA1726823C865DC00D9A3F8 /* Mouse.hpp */ = {isa = PBXFileReference; fileEncoding = 4; lastKnownFileType = sourcecode.cpp.h; name = Mouse.hpp; path = Headers/Mouse.hpp; sourceTree = SOURCE_ROOT; };
		1AA1726A23C865DC00D9A3F8 /* Path.hpp */ = {isa = PBXFileReference; fileEncoding = 4; lastKnownFileType = sourcecode.cpp.h; name = Path.hpp; path = Headers/Path.hpp; sourceTree = SOURCE_ROOT; };
		1AA1726B23C865DC00D9A3F8 /* Player.hpp */ = {isa = PBXFileReference; fileEncoding = 4; lastKnownFileType = sourcecode.cpp.h; name = Player.hpp; path = Headers/Player.hpp; sourceTree = SOURCE_ROOT; };
		1AA1726C23C865DC00D9A3F8 /* Text.hpp */ = {isa = PBXFileReference; fileEncoding = 4; lastKnownFileType = sourcecode.cpp.h; name = Text.hpp; path = Headers/Text.hpp; sourceTree = SOURCE_ROOT; };
		1AA1726D23C865DC00D9A3F8 /* Timer.hpp */ = {isa = PBXFileReference; fileEncoding = 4; lastKnownFileType = sourcecode.cpp.h; name = Timer.hpp; path = Headers/Timer.hpp; sourceTree = SOURCE_ROOT; };
		1AA1726F23C865DC00D9A3F8 /* Utils.hpp */ = {isa = PBXFileReference; fileEncoding = 4; lastKnownFileType = sourcecode.cpp.h; name = Utils.hpp; path = Headers/Utils.hpp; sourceTree = SOURCE_ROOT; };
		1AA1727023C865DC00D9A3F8 /* vec2.hpp */ = {isa = PBXFileReference; fileEncoding = 4; lastKnownFileType = sourcecode.cpp.h; name = vec2.hpp; path = Headers/vec2.hpp; sourceTree = SOURCE_ROOT; };
		1AA1727123C865DC00D9A3F8 /* Window.hpp */ = {isa = PBXFileReference; fileEncoding = 4; lastKnownFileType = sourcecode.cpp.h; name = Window.hpp; path = Headers/Window.hpp; sourceTree = SOURCE_ROOT; };
		1AA1727523C866E000D9A3F8 /* SDL2.hpp */ = {isa = PBXFileReference; fileEncoding = 4; lastKnownFileType = sourcecode.cpp.h; name = SDL2.hpp; path = Headers/SDL2.hpp; sourceTree = SOURCE_ROOT; };
/* End PBXFileReference section */

/* Begin PBXFrameworksBuildPhase section */
		1A2B5E7822D2EEFB00AAC0ED /* Frameworks */ = {
			isa = PBXFrameworksBuildPhase;
			buildActionMask = 2147483647;
			files = (
				1A2B5E8622D2EFF300AAC0ED /* SDL2.framework in Frameworks */,
			);
			runOnlyForDeploymentPostprocessing = 0;
		};
/* End PBXFrameworksBuildPhase section */

/* Begin PBXGroup section */
		1A2B5E7222D2EEFB00AAC0ED = {
			isa = PBXGroup;
			children = (
				1A2B5E8522D2EFF300AAC0ED /* SDL2.framework */,
				1A2B5E7D22D2EEFB00AAC0ED /* Avalanche */,
				1A2B5E7C22D2EEFB00AAC0ED /* Products */,
			);
			sourceTree = "<group>";
		};
		1A2B5E7C22D2EEFB00AAC0ED /* Products */ = {
			isa = PBXGroup;
			children = (
				1A2B5E7B22D2EEFB00AAC0ED /* Avalanche */,
			);
			name = Products;
			sourceTree = "<group>";
		};
		1A2B5E7D22D2EEFB00AAC0ED /* Avalanche */ = {
			isa = PBXGroup;
			children = (
				1AA1723E23C865CD00D9A3F8 /* main.cpp */,
				1A971F1322E2AF3400FB01A5 /* Source */,
				1A971F1222E2AF1400FB01A5 /* Headers */,
			);
			path = Avalanche;
			sourceTree = "<group>";
		};
		1A971F1222E2AF1400FB01A5 /* Headers */ = {
			isa = PBXGroup;
			children = (
				1AA1727523C866E000D9A3F8 /* SDL2.hpp */,
				1AA1725A23C865DC00D9A3F8 /* Block.hpp */,
				1AA1725B23C865DC00D9A3F8 /* BlockManager.hpp */,
				1AA1725C23C865DC00D9A3F8 /* bool2.hpp */,
				1AA1725D23C865DC00D9A3F8 /* Button.hpp */,
				1AA1725E23C865DC00D9A3F8 /* Camera.hpp */,
				1AA1725F23C865DC00D9A3F8 /* Entity.hpp */,
				1AA1726023C865DC00D9A3F8 /* EventManager.hpp */,
				1AA1726123C865DC00D9A3F8 /* FpsLimiter.hpp */,
				1AA1726223C865DC00D9A3F8 /* GameManager.hpp */,
				1AA1726423C865DC00D9A3F8 /* Image.hpp */,
				1AA1726523C865DC00D9A3F8 /* Keyboard.hpp */,
				1AA1726623C865DC00D9A3F8 /* Lava.hpp */,
				1AA1726723C865DC00D9A3F8 /* List.hpp */,
				1AA1726823C865DC00D9A3F8 /* Mouse.hpp */,
				1AA1726A23C865DC00D9A3F8 /* Path.hpp */,
				1AA1726B23C865DC00D9A3F8 /* Player.hpp */,
				1AA1726C23C865DC00D9A3F8 /* Text.hpp */,
				1AA1726D23C865DC00D9A3F8 /* Timer.hpp */,
				1AA1726F23C865DC00D9A3F8 /* Utils.hpp */,
				1AA1727023C865DC00D9A3F8 /* vec2.hpp */,
				1AA1727123C865DC00D9A3F8 /* Window.hpp */,
			);
			name = Headers;
			sourceTree = "<group>";
		};
		1A971F1322E2AF3400FB01A5 /* Source */ = {
			isa = PBXGroup;
			children = (
				1AA1723423C865CD00D9A3F8 /* Block.cpp */,
				1AA1723523C865CD00D9A3F8 /* BlockManager.cpp */,
				1AA1723623C865CD00D9A3F8 /* Camera.cpp */,
				1AA1723723C865CD00D9A3F8 /* Entity.cpp */,
				1AA1723823C865CD00D9A3F8 /* EventManager.cpp */,
				1AA1723923C865CD00D9A3F8 /* FpsLimiter.cpp */,
				1AA1723A23C865CD00D9A3F8 /* GameManager.cpp */,
				1AA1723B23C865CD00D9A3F8 /* Image.cpp */,
				1AA1723C23C865CD00D9A3F8 /* Keyboard.cpp */,
				1AA1723D23C865CD00D9A3F8 /* Lava.cpp */,
				1AA1723F23C865CD00D9A3F8 /* Mouse.cpp */,
				1AA1724023C865CD00D9A3F8 /* Path.cpp */,
				1AA1724123C865CD00D9A3F8 /* Player.cpp */,
				1AA1724223C865CD00D9A3F8 /* Text.cpp */,
				1AA1724323C865CD00D9A3F8 /* Timer.cpp */,
				1AA1724423C865CD00D9A3F8 /* Utils.cpp */,
				1AA1724523C865CD00D9A3F8 /* vec2.cpp */,
				1AA1724623C865CD00D9A3F8 /* Window.cpp */,
			);
			name = Source;
			sourceTree = "<group>";
		};
/* End PBXGroup section */

/* Begin PBXNativeTarget section */
		1A2B5E7A22D2EEFB00AAC0ED /* Avalanche */ = {
			isa = PBXNativeTarget;
			buildConfigurationList = 1A2B5E8222D2EEFB00AAC0ED /* Build configuration list for PBXNativeTarget "Avalanche" */;
			buildPhases = (
				1A2B5E7722D2EEFB00AAC0ED /* Sources */,
				1A2B5E7822D2EEFB00AAC0ED /* Frameworks */,
				1A2B5E7922D2EEFB00AAC0ED /* CopyFiles */,
			);
			buildRules = (
			);
			dependencies = (
			);
			name = Avalanche;
			productName = Avalanche;
			productReference = 1A2B5E7B22D2EEFB00AAC0ED /* Avalanche */;
			productType = "com.apple.product-type.tool";
		};
/* End PBXNativeTarget section */

/* Begin PBXProject section */
		1A2B5E7322D2EEFB00AAC0ED /* Project object */ = {
			isa = PBXProject;
			attributes = {
				LastUpgradeCheck = 0720;
				ORGANIZATIONNAME = "James Eckdahl";
				TargetAttributes = {
					1A2B5E7A22D2EEFB00AAC0ED = {
						CreatedOnToolsVersion = 7.2.1;
					};
				};
			};
			buildConfigurationList = 1A2B5E7622D2EEFB00AAC0ED /* Build configuration list for PBXProject "Avalanche" */;
			compatibilityVersion = "Xcode 3.2";
			developmentRegion = English;
			hasScannedForEncodings = 0;
			knownRegions = (
				en,
			);
			mainGroup = 1A2B5E7222D2EEFB00AAC0ED;
			productRefGroup = 1A2B5E7C22D2EEFB00AAC0ED /* Products */;
			projectDirPath = "";
			projectRoot = "";
			targets = (
				1A2B5E7A22D2EEFB00AAC0ED /* Avalanche */,
			);
		};
/* End PBXProject section */

/* Begin PBXSourcesBuildPhase section */
		1A2B5E7722D2EEFB00AAC0ED /* Sources */ = {
			isa = PBXSourcesBuildPhase;
			buildActionMask = 2147483647;
			files = (
				1AA1724D23C865CD00D9A3F8 /* GameManager.cpp in Sources */,
				1AA1724A23C865CD00D9A3F8 /* Entity.cpp in Sources */,
				1AA1725323C865CD00D9A3F8 /* Path.cpp in Sources */,
				1AA1725923C865CD00D9A3F8 /* Window.cpp in Sources */,
				1AA1725723C865CD00D9A3F8 /* Utils.cpp in Sources */,
				1AA1724F23C865CD00D9A3F8 /* Keyboard.cpp in Sources */,
				1AA1725223C865CD00D9A3F8 /* Mouse.cpp in Sources */,
				1AA1724B23C865CD00D9A3F8 /* EventManager.cpp in Sources */,
				1AA1725123C865CD00D9A3F8 /* main.cpp in Sources */,
				1AA1724723C865CD00D9A3F8 /* Block.cpp in Sources */,
				1AA1725423C865CD00D9A3F8 /* Player.cpp in Sources */,
				1AA1725523C865CD00D9A3F8 /* Text.cpp in Sources */,
				1AA1725823C865CD00D9A3F8 /* vec2.cpp in Sources */,
				1AA1724923C865CD00D9A3F8 /* Camera.cpp in Sources */,
				1AA1725623C865CD00D9A3F8 /* Timer.cpp in Sources */,
				1AA1724E23C865CD00D9A3F8 /* Image.cpp in Sources */,
				1AA1724C23C865CD00D9A3F8 /* FpsLimiter.cpp in Sources */,
				1AA1724823C865CD00D9A3F8 /* BlockManager.cpp in Sources */,
				1AA1725023C865CD00D9A3F8 /* Lava.cpp in Sources */,
			);
			runOnlyForDeploymentPostprocessing = 0;
		};
/* End PBXSourcesBuildPhase section */

/* Begin XCBuildConfiguration section */
		1A2B5E8022D2EEFB00AAC0ED /* Debug */ = {
			isa = XCBuildConfiguration;
			buildSettings = {
				ALWAYS_SEARCH_USER_PATHS = NO;
				CLANG_CXX_LANGUAGE_STANDARD = "gnu++0x";
				CLANG_CXX_LIBRARY = "libc++";
				CLANG_ENABLE_MODULES = YES;
				CLANG_ENABLE_OBJC_ARC = YES;
				CLANG_WARN_BOOL_CONVERSION = YES;
				CLANG_WARN_CONSTANT_CONVERSION = YES;
				CLANG_WARN_DIRECT_OBJC_ISA_USAGE = YES_ERROR;
				CLANG_WARN_EMPTY_BODY = YES;
				CLANG_WARN_ENUM_CONVERSION = YES;
				CLANG_WARN_INT_CONVERSION = YES;
				CLANG_WARN_OBJC_ROOT_CLASS = YES_ERROR;
				CLANG_WARN_UNREACHABLE_CODE = YES;
				CLANG_WARN__DUPLICATE_METHOD_MATCH = YES;
				CODE_SIGN_IDENTITY = "-";
				COPY_PHASE_STRIP = NO;
				DEBUG_INFORMATION_FORMAT = dwarf;
				ENABLE_STRICT_OBJC_MSGSEND = YES;
				ENABLE_TESTABILITY = YES;
				GCC_C_LANGUAGE_STANDARD = gnu99;
				GCC_DYNAMIC_NO_PIC = NO;
				GCC_NO_COMMON_BLOCKS = YES;
				GCC_OPTIMIZATION_LEVEL = 0;
				GCC_PREPROCESSOR_DEFINITIONS = (
					"DEBUG=1",
					"$(inherited)",
				);
				GCC_WARN_64_TO_32_BIT_CONVERSION = YES;
				GCC_WARN_ABOUT_RETURN_TYPE = YES_ERROR;
				GCC_WARN_UNDECLARED_SELECTOR = YES;
				GCC_WARN_UNINITIALIZED_AUTOS = YES_AGGRESSIVE;
				GCC_WARN_UNUSED_FUNCTION = YES;
				GCC_WARN_UNUSED_VARIABLE = YES;
				MACOSX_DEPLOYMENT_TARGET = 10.10;
				MTL_ENABLE_DEBUG_INFO = YES;
				ONLY_ACTIVE_ARCH = YES;
				SDKROOT = macosx;
			};
			name = Debug;
		};
		1A2B5E8122D2EEFB00AAC0ED /* Release */ = {
			isa = XCBuildConfiguration;
			buildSettings = {
				ALWAYS_SEARCH_USER_PATHS = NO;
				CLANG_CXX_LANGUAGE_STANDARD = "gnu++0x";
				CLANG_CXX_LIBRARY = "libc++";
				CLANG_ENABLE_MODULES = YES;
				CLANG_ENABLE_OBJC_ARC = YES;
				CLANG_WARN_BOOL_CONVERSION = YES;
				CLANG_WARN_CONSTANT_CONVERSION = YES;
				CLANG_WARN_DIRECT_OBJC_ISA_USAGE = YES_ERROR;
				CLANG_WARN_EMPTY_BODY = YES;
				CLANG_WARN_ENUM_CONVERSION = YES;
				CLANG_WARN_INT_CONVERSION = YES;
				CLANG_WARN_OBJC_ROOT_CLASS = YES_ERROR;
				CLANG_WARN_UNREACHABLE_CODE = YES;
				CLANG_WARN__DUPLICATE_METHOD_MATCH = YES;
				CODE_SIGN_IDENTITY = "-";
				COPY_PHASE_STRIP = NO;
				DEBUG_INFORMATION_FORMAT = dwarf;
				ENABLE_NS_ASSERTIONS = NO;
				ENABLE_STRICT_OBJC_MSGSEND = YES;
				GCC_C_LANGUAGE_STANDARD = gnu99;
				GCC_NO_COMMON_BLOCKS = YES;
				GCC_WARN_64_TO_32_BIT_CONVERSION = YES;
				GCC_WARN_ABOUT_RETURN_TYPE = YES_ERROR;
				GCC_WARN_UNDECLARED_SELECTOR = YES;
				GCC_WARN_UNINITIALIZED_AUTOS = YES_AGGRESSIVE;
				GCC_WARN_UNUSED_FUNCTION = YES;
				GCC_WARN_UNUSED_VARIABLE = YES;
				MACOSX_DEPLOYMENT_TARGET = 10.10;
				MTL_ENABLE_DEBUG_INFO = NO;
				SDKROOT = macosx;
			};
			name = Release;
		};
		1A2B5E8322D2EEFB00AAC0ED /* Debug */ = {
			isa = XCBuildConfiguration;
			buildSettings = {
				CONFIGURATION_BUILD_DIR = "Builds/$(CONFIGURATION)/Mac/";
				FRAMEWORK_SEARCH_PATHS = (
					"$(inherited)",
					"$(LOCAL_LIBRARY_DIR)/Frameworks",
				);
				LD_RUNPATH_SEARCH_PATHS = ../Frameworks;
				PRODUCT_NAME = "$(TARGET_NAME)";
				SYMROOT = build;
			};
			name = Debug;
		};
		1A2B5E8422D2EEFB00AAC0ED /* Release */ = {
			isa = XCBuildConfiguration;
			buildSettings = {
				CONFIGURATION_BUILD_DIR = "Builds/$(CONFIGURATION)/Mac/";
				FRAMEWORK_SEARCH_PATHS = (
					"$(inherited)",
					"$(LOCAL_LIBRARY_DIR)/Frameworks",
				);
				LD_RUNPATH_SEARCH_PATHS = ../Frameworks;
				PRODUCT_NAME = "$(TARGET_NAME)";
				SYMROOT = build;
			};
			name = Release;
		};
/* End XCBuildConfiguration section */

/* Begin XCConfigurationList section */
		1A2B5E7622D2EEFB00AAC0ED /* Build configuration list for PBXProject "Avalanche" */ = {
			isa = XCConfigurationList;
			buildConfigurations = (
				1A2B5E8022D2EEFB00AAC0ED /* Debug */,
				1A2B5E8122D2EEFB00AAC0ED /* Release */,
			);
			defaultConfigurationIsVisible = 0;
			defaultConfigurationName = Release;
		};
		1A2B5E8222D2EEFB00AAC0ED /* Build configuration list for PBXNativeTarget "Avalanche" */ = {
			isa = XCConfigurationList;
			buildConfigurations = (
				1A2B5E8322D2EEFB00AAC0ED /* Debug */,
				1A2B5E8422D2EEFB00AAC0ED /* Release */,
			);
			defaultConfigurationIsVisible = 0;
			defaultConfigurationName = Release;
		};
/* End XCConfigurationList section */
	};
	rootObject = 1A2B5E7322D2EEFB00AAC0ED /* Project object */;
}
