// !$*UTF8*$!
{
	archiveVersion = 1;
	classes = {
	};
	objectVersion = 46;
	objects = {

/* Begin PBXBuildFile section */
		1A25DF9222EE54080095EBCA /* Player.cpp in Sources */ = {isa = PBXBuildFile; fileRef = 1A25DF9022EE54080095EBCA /* Player.cpp */; };
		1A25DF9522F2B1670095EBCA /* Lava.cpp in Sources */ = {isa = PBXBuildFile; fileRef = 1A25DF9322F2B1670095EBCA /* Lava.cpp */; };
		1A2B5E7F22D2EEFB00AAC0ED /* main.cpp in Sources */ = {isa = PBXBuildFile; fileRef = 1A2B5E7E22D2EEFB00AAC0ED /* main.cpp */; };
		1A2B5E8622D2EFF300AAC0ED /* SDL2.framework in Frameworks */ = {isa = PBXBuildFile; fileRef = 1A2B5E8522D2EFF300AAC0ED /* SDL2.framework */; };
		1A2B5E8922D2F0A200AAC0ED /* Window.cpp in Sources */ = {isa = PBXBuildFile; fileRef = 1A2B5E8722D2F0A200AAC0ED /* Window.cpp */; };
		1A2B5E8C22D2F54500AAC0ED /* Block.cpp in Sources */ = {isa = PBXBuildFile; fileRef = 1A2B5E8A22D2F54500AAC0ED /* Block.cpp */; };
		1A33CE5E22E4539B00443345 /* Entity.cpp in Sources */ = {isa = PBXBuildFile; fileRef = 1A33CE5C22E4539B00443345 /* Entity.cpp */; };
		1A33CE6122E453AD00443345 /* vec2.cpp in Sources */ = {isa = PBXBuildFile; fileRef = 1A33CE5F22E453AD00443345 /* vec2.cpp */; };
		1A5A7BB122E4484B007A4873 /* Camera.cpp in Sources */ = {isa = PBXBuildFile; fileRef = 1A5A7BAF22E4484B007A4873 /* Camera.cpp */; };
		1A83E1C422F7EAB200327DAC /* Text.cpp in Sources */ = {isa = PBXBuildFile; fileRef = 1A83E1C222F7EAB200327DAC /* Text.cpp */; };
		1A83E1C722F7F05900327DAC /* GameManager.cpp in Sources */ = {isa = PBXBuildFile; fileRef = 1A83E1C522F7F05900327DAC /* GameManager.cpp */; };
		1A971F0522E1711000FB01A5 /* EventManager.cpp in Sources */ = {isa = PBXBuildFile; fileRef = 1A971F0322E1711000FB01A5 /* EventManager.cpp */; };
		1A971F0822E171B600FB01A5 /* Keyboard.cpp in Sources */ = {isa = PBXBuildFile; fileRef = 1A971F0622E171B600FB01A5 /* Keyboard.cpp */; };
		1A971F0B22E171C100FB01A5 /* Mouse.cpp in Sources */ = {isa = PBXBuildFile; fileRef = 1A971F0922E171C100FB01A5 /* Mouse.cpp */; };
		1A971F0E22E2AE4F00FB01A5 /* bool2.cpp in Sources */ = {isa = PBXBuildFile; fileRef = 1A971F0C22E2AE4F00FB01A5 /* bool2.cpp */; };
		1A971F1122E2AF0800FB01A5 /* Button.cpp in Sources */ = {isa = PBXBuildFile; fileRef = 1A971F0F22E2AF0800FB01A5 /* Button.cpp */; };
		1AF528CE22E55CA700AE0AAE /* BlockManager.cpp in Sources */ = {isa = PBXBuildFile; fileRef = 1AF528CC22E55CA700AE0AAE /* BlockManager.cpp */; };
		1AF528D122E565AC00AE0AAE /* Timer.cpp in Sources */ = {isa = PBXBuildFile; fileRef = 1AF528CF22E565AC00AE0AAE /* Timer.cpp */; };
		1AF528D422E5745F00AE0AAE /* FpsLimiter.cpp in Sources */ = {isa = PBXBuildFile; fileRef = 1AF528D222E5745F00AE0AAE /* FpsLimiter.cpp */; };
/* End PBXBuildFile section */

/* Begin PBXCopyFilesBuildPhase section */
		1A2B5E7922D2EEFB00AAC0ED /* CopyFiles */ = {
			isa = PBXCopyFilesBuildPhase;
			buildActionMask = 2147483647;
			dstPath = /usr/share/man/man1/;
			dstSubfolderSpec = 0;
			files = (
			);
			runOnlyForDeploymentPostprocessing = 1;
		};
/* End PBXCopyFilesBuildPhase section */

/* Begin PBXFileReference section */
		1A25DF9022EE54080095EBCA /* Player.cpp */ = {isa = PBXFileReference; fileEncoding = 4; lastKnownFileType = sourcecode.cpp.cpp; path = Player.cpp; sourceTree = "<group>"; };
		1A25DF9122EE54080095EBCA /* Player.hpp */ = {isa = PBXFileReference; fileEncoding = 4; lastKnownFileType = sourcecode.cpp.h; path = Player.hpp; sourceTree = "<group>"; };
		1A25DF9322F2B1670095EBCA /* Lava.cpp */ = {isa = PBXFileReference; fileEncoding = 4; lastKnownFileType = sourcecode.cpp.cpp; path = Lava.cpp; sourceTree = "<group>"; };
		1A25DF9422F2B1670095EBCA /* Lava.hpp */ = {isa = PBXFileReference; fileEncoding = 4; lastKnownFileType = sourcecode.cpp.h; path = Lava.hpp; sourceTree = "<group>"; };
		1A2B5E7B22D2EEFB00AAC0ED /* Avalanche */ = {isa = PBXFileReference; explicitFileType = "compiled.mach-o.executable"; includeInIndex = 0; path = Avalanche; sourceTree = BUILT_PRODUCTS_DIR; };
		1A2B5E7E22D2EEFB00AAC0ED /* main.cpp */ = {isa = PBXFileReference; lastKnownFileType = sourcecode.cpp.cpp; path = main.cpp; sourceTree = "<group>"; };
		1A2B5E8522D2EFF300AAC0ED /* SDL2.framework */ = {isa = PBXFileReference; lastKnownFileType = wrapper.framework; name = SDL2.framework; path = ../../../../../Library/Frameworks/SDL2.framework; sourceTree = "<group>"; };
		1A2B5E8722D2F0A200AAC0ED /* Window.cpp */ = {isa = PBXFileReference; fileEncoding = 4; lastKnownFileType = sourcecode.cpp.cpp; path = Window.cpp; sourceTree = "<group>"; };
		1A2B5E8822D2F0A200AAC0ED /* Window.hpp */ = {isa = PBXFileReference; fileEncoding = 4; lastKnownFileType = sourcecode.cpp.h; path = Window.hpp; sourceTree = "<group>"; };
		1A2B5E8A22D2F54500AAC0ED /* Block.cpp */ = {isa = PBXFileReference; fileEncoding = 4; lastKnownFileType = sourcecode.cpp.cpp; path = Block.cpp; sourceTree = "<group>"; };
		1A2B5E8B22D2F54500AAC0ED /* Block.hpp */ = {isa = PBXFileReference; fileEncoding = 4; lastKnownFileType = sourcecode.cpp.h; path = Block.hpp; sourceTree = "<group>"; };
		1A33CE5C22E4539B00443345 /* Entity.cpp */ = {isa = PBXFileReference; fileEncoding = 4; lastKnownFileType = sourcecode.cpp.cpp; path = Entity.cpp; sourceTree = "<group>"; };
		1A33CE5D22E4539B00443345 /* Entity.hpp */ = {isa = PBXFileReference; fileEncoding = 4; lastKnownFileType = sourcecode.cpp.h; path = Entity.hpp; sourceTree = "<group>"; };
		1A33CE5F22E453AD00443345 /* vec2.cpp */ = {isa = PBXFileReference; fileEncoding = 4; lastKnownFileType = sourcecode.cpp.cpp; path = vec2.cpp; sourceTree = "<group>"; };
		1A33CE6022E453AD00443345 /* vec2.hpp */ = {isa = PBXFileReference; fileEncoding = 4; lastKnownFileType = sourcecode.cpp.h; path = vec2.hpp; sourceTree = "<group>"; };
		1A5A7BAF22E4484B007A4873 /* Camera.cpp */ = {isa = PBXFileReference; fileEncoding = 4; lastKnownFileType = sourcecode.cpp.cpp; path = Camera.cpp; sourceTree = "<group>"; };
		1A5A7BB022E4484B007A4873 /* Camera.hpp */ = {isa = PBXFileReference; fileEncoding = 4; lastKnownFileType = sourcecode.cpp.h; path = Camera.hpp; sourceTree = "<group>"; };
		1A83E1C222F7EAB200327DAC /* Text.cpp */ = {isa = PBXFileReference; fileEncoding = 4; lastKnownFileType = sourcecode.cpp.cpp; path = Text.cpp; sourceTree = "<group>"; };
		1A83E1C322F7EAB200327DAC /* Text.hpp */ = {isa = PBXFileReference; fileEncoding = 4; lastKnownFileType = sourcecode.cpp.h; path = Text.hpp; sourceTree = "<group>"; };
		1A83E1C522F7F05900327DAC /* GameManager.cpp */ = {isa = PBXFileReference; fileEncoding = 4; lastKnownFileType = sourcecode.cpp.cpp; path = GameManager.cpp; sourceTree = "<group>"; };
		1A83E1C622F7F05900327DAC /* GameManager.hpp */ = {isa = PBXFileReference; fileEncoding = 4; lastKnownFileType = sourcecode.cpp.h; path = GameManager.hpp; sourceTree = "<group>"; };
		1A971F0322E1711000FB01A5 /* EventManager.cpp */ = {isa = PBXFileReference; fileEncoding = 4; lastKnownFileType = sourcecode.cpp.cpp; path = EventManager.cpp; sourceTree = "<group>"; };
		1A971F0422E1711000FB01A5 /* EventManager.hpp */ = {isa = PBXFileReference; fileEncoding = 4; lastKnownFileType = sourcecode.cpp.h; path = EventManager.hpp; sourceTree = "<group>"; };
		1A971F0622E171B600FB01A5 /* Keyboard.cpp */ = {isa = PBXFileReference; fileEncoding = 4; lastKnownFileType = sourcecode.cpp.cpp; path = Keyboard.cpp; sourceTree = "<group>"; };
		1A971F0722E171B600FB01A5 /* Keyboard.hpp */ = {isa = PBXFileReference; fileEncoding = 4; lastKnownFileType = sourcecode.cpp.h; path = Keyboard.hpp; sourceTree = "<group>"; };
		1A971F0922E171C100FB01A5 /* Mouse.cpp */ = {isa = PBXFileReference; fileEncoding = 4; lastKnownFileType = sourcecode.cpp.cpp; path = Mouse.cpp; sourceTree = "<group>"; };
		1A971F0A22E171C100FB01A5 /* Mouse.hpp */ = {isa = PBXFileReference; fileEncoding = 4; lastKnownFileType = sourcecode.cpp.h; path = Mouse.hpp; sourceTree = "<group>"; };
		1A971F0C22E2AE4F00FB01A5 /* bool2.cpp */ = {isa = PBXFileReference; fileEncoding = 4; lastKnownFileType = sourcecode.cpp.cpp; path = bool2.cpp; sourceTree = "<group>"; };
		1A971F0D22E2AE4F00FB01A5 /* bool2.hpp */ = {isa = PBXFileReference; fileEncoding = 4; lastKnownFileType = sourcecode.cpp.h; path = bool2.hpp; sourceTree = "<group>"; };
		1A971F0F22E2AF0800FB01A5 /* Button.cpp */ = {isa = PBXFileReference; fileEncoding = 4; lastKnownFileType = sourcecode.cpp.cpp; path = Button.cpp; sourceTree = "<group>"; };
		1A971F1022E2AF0800FB01A5 /* Button.hpp */ = {isa = PBXFileReference; fileEncoding = 4; lastKnownFileType = sourcecode.cpp.h; path = Button.hpp; sourceTree = "<group>"; };
		1AF528CC22E55CA700AE0AAE /* BlockManager.cpp */ = {isa = PBXFileReference; fileEncoding = 4; lastKnownFileType = sourcecode.cpp.cpp; path = BlockManager.cpp; sourceTree = "<group>"; };
		1AF528CD22E55CA700AE0AAE /* BlockManager.hpp */ = {isa = PBXFileReference; fileEncoding = 4; lastKnownFileType = sourcecode.cpp.h; path = BlockManager.hpp; sourceTree = "<group>"; };
		1AF528CF22E565AC00AE0AAE /* Timer.cpp */ = {isa = PBXFileReference; fileEncoding = 4; lastKnownFileType = sourcecode.cpp.cpp; path = Timer.cpp; sourceTree = "<group>"; };
		1AF528D022E565AC00AE0AAE /* Timer.hpp */ = {isa = PBXFileReference; fileEncoding = 4; lastKnownFileType = sourcecode.cpp.h; path = Timer.hpp; sourceTree = "<group>"; };
		1AF528D222E5745F00AE0AAE /* FpsLimiter.cpp */ = {isa = PBXFileReference; fileEncoding = 4; lastKnownFileType = sourcecode.cpp.cpp; path = FpsLimiter.cpp; sourceTree = "<group>"; };
		1AF528D322E5745F00AE0AAE /* FpsLimiter.hpp */ = {isa = PBXFileReference; fileEncoding = 4; lastKnownFileType = sourcecode.cpp.h; path = FpsLimiter.hpp; sourceTree = "<group>"; };
		1AF528D722EC208E00AE0AAE /* List.hpp */ = {isa = PBXFileReference; fileEncoding = 4; lastKnownFileType = sourcecode.cpp.h; path = List.hpp; sourceTree = "<group>"; };
/* End PBXFileReference section */

/* Begin PBXFrameworksBuildPhase section */
		1A2B5E7822D2EEFB00AAC0ED /* Frameworks */ = {
			isa = PBXFrameworksBuildPhase;
			buildActionMask = 2147483647;
			files = (
				1A2B5E8622D2EFF300AAC0ED /* SDL2.framework in Frameworks */,
			);
			runOnlyForDeploymentPostprocessing = 0;
		};
/* End PBXFrameworksBuildPhase section */

/* Begin PBXGroup section */
		1A2B5E7222D2EEFB00AAC0ED = {
			isa = PBXGroup;
			children = (
				1A2B5E8522D2EFF300AAC0ED /* SDL2.framework */,
				1A2B5E7D22D2EEFB00AAC0ED /* Avalanche */,
				1A2B5E7C22D2EEFB00AAC0ED /* Products */,
			);
			sourceTree = "<group>";
		};
		1A2B5E7C22D2EEFB00AAC0ED /* Products */ = {
			isa = PBXGroup;
			children = (
				1A2B5E7B22D2EEFB00AAC0ED /* Avalanche */,
			);
			name = Products;
			sourceTree = "<group>";
		};
		1A2B5E7D22D2EEFB00AAC0ED /* Avalanche */ = {
			isa = PBXGroup;
			children = (
				1A2B5E7E22D2EEFB00AAC0ED /* main.cpp */,
				1A971F1322E2AF3400FB01A5 /* Source */,
				1A971F1222E2AF1400FB01A5 /* Headers */,
			);
			path = Avalanche;
			sourceTree = "<group>";
		};
		1A971F1222E2AF1400FB01A5 /* Headers */ = {
			isa = PBXGroup;
			children = (
				1A2B5E8B22D2F54500AAC0ED /* Block.hpp */,
				1AF528CD22E55CA700AE0AAE /* BlockManager.hpp */,
				1A83E1C622F7F05900327DAC /* GameManager.hpp */,
				1A971F0D22E2AE4F00FB01A5 /* bool2.hpp */,
				1A971F1022E2AF0800FB01A5 /* Button.hpp */,
				1A5A7BB022E4484B007A4873 /* Camera.hpp */,
				1A33CE5D22E4539B00443345 /* Entity.hpp */,
				1A971F0422E1711000FB01A5 /* EventManager.hpp */,
				1AF528D322E5745F00AE0AAE /* FpsLimiter.hpp */,
				1A971F0722E171B600FB01A5 /* Keyboard.hpp */,
				1A25DF9422F2B1670095EBCA /* Lava.hpp */,
				1AF528D722EC208E00AE0AAE /* List.hpp */,
				1A971F0A22E171C100FB01A5 /* Mouse.hpp */,
				1A25DF9122EE54080095EBCA /* Player.hpp */,
				1A83E1C322F7EAB200327DAC /* Text.hpp */,
				1AF528D022E565AC00AE0AAE /* Timer.hpp */,
				1A33CE6022E453AD00443345 /* vec2.hpp */,
				1A2B5E8822D2F0A200AAC0ED /* Window.hpp */,
			);
			name = Headers;
			sourceTree = "<group>";
		};
		1A971F1322E2AF3400FB01A5 /* Source */ = {
			isa = PBXGroup;
			children = (
				1A2B5E8A22D2F54500AAC0ED /* Block.cpp */,
				1A83E1C522F7F05900327DAC /* GameManager.cpp */,
				1AF528CC22E55CA700AE0AAE /* BlockManager.cpp */,
				1A971F0C22E2AE4F00FB01A5 /* bool2.cpp */,
				1A971F0F22E2AF0800FB01A5 /* Button.cpp */,
				1A5A7BAF22E4484B007A4873 /* Camera.cpp */,
				1A33CE5C22E4539B00443345 /* Entity.cpp */,
				1A971F0322E1711000FB01A5 /* EventManager.cpp */,
				1AF528D222E5745F00AE0AAE /* FpsLimiter.cpp */,
				1A971F0622E171B600FB01A5 /* Keyboard.cpp */,
				1A25DF9322F2B1670095EBCA /* Lava.cpp */,
				1A971F0922E171C100FB01A5 /* Mouse.cpp */,
				1A25DF9022EE54080095EBCA /* Player.cpp */,
				1A83E1C222F7EAB200327DAC /* Text.cpp */,
				1AF528CF22E565AC00AE0AAE /* Timer.cpp */,
				1A33CE5F22E453AD00443345 /* vec2.cpp */,
				1A2B5E8722D2F0A200AAC0ED /* Window.cpp */,
			);
			name = Source;
			sourceTree = "<group>";
		};
/* End PBXGroup section */

/* Begin PBXNativeTarget section */
		1A2B5E7A22D2EEFB00AAC0ED /* Avalanche */ = {
			isa = PBXNativeTarget;
			buildConfigurationList = 1A2B5E8222D2EEFB00AAC0ED /* Build configuration list for PBXNativeTarget "Avalanche" */;
			buildPhases = (
				1A2B5E7722D2EEFB00AAC0ED /* Sources */,
				1A2B5E7822D2EEFB00AAC0ED /* Frameworks */,
				1A2B5E7922D2EEFB00AAC0ED /* CopyFiles */,
			);
			buildRules = (
			);
			dependencies = (
			);
			name = Avalanche;
			productName = Avalanche;
			productReference = 1A2B5E7B22D2EEFB00AAC0ED /* Avalanche */;
			productType = "com.apple.product-type.tool";
		};
/* End PBXNativeTarget section */

/* Begin PBXProject section */
		1A2B5E7322D2EEFB00AAC0ED /* Project object */ = {
			isa = PBXProject;
			attributes = {
				LastUpgradeCheck = 0720;
				ORGANIZATIONNAME = "James Eckdahl";
				TargetAttributes = {
					1A2B5E7A22D2EEFB00AAC0ED = {
						CreatedOnToolsVersion = 7.2.1;
					};
				};
			};
			buildConfigurationList = 1A2B5E7622D2EEFB00AAC0ED /* Build configuration list for PBXProject "Avalanche" */;
			compatibilityVersion = "Xcode 3.2";
			developmentRegion = English;
			hasScannedForEncodings = 0;
			knownRegions = (
				en,
			);
			mainGroup = 1A2B5E7222D2EEFB00AAC0ED;
			productRefGroup = 1A2B5E7C22D2EEFB00AAC0ED /* Products */;
			projectDirPath = "";
			projectRoot = "";
			targets = (
				1A2B5E7A22D2EEFB00AAC0ED /* Avalanche */,
			);
		};
/* End PBXProject section */

/* Begin PBXSourcesBuildPhase section */
		1A2B5E7722D2EEFB00AAC0ED /* Sources */ = {
			isa = PBXSourcesBuildPhase;
			buildActionMask = 2147483647;
			files = (
				1AF528D422E5745F00AE0AAE /* FpsLimiter.cpp in Sources */,
				1A971F0822E171B600FB01A5 /* Keyboard.cpp in Sources */,
				1A971F0E22E2AE4F00FB01A5 /* bool2.cpp in Sources */,
				1A83E1C422F7EAB200327DAC /* Text.cpp in Sources */,
				1AF528D122E565AC00AE0AAE /* Timer.cpp in Sources */,
				1A33CE6122E453AD00443345 /* vec2.cpp in Sources */,
				1A2B5E8C22D2F54500AAC0ED /* Block.cpp in Sources */,
				1A83E1C722F7F05900327DAC /* GameManager.cpp in Sources */,
				1A33CE5E22E4539B00443345 /* Entity.cpp in Sources */,
				1A5A7BB122E4484B007A4873 /* Camera.cpp in Sources */,
				1A2B5E7F22D2EEFB00AAC0ED /* main.cpp in Sources */,
				1AF528CE22E55CA700AE0AAE /* BlockManager.cpp in Sources */,
				1A971F0B22E171C100FB01A5 /* Mouse.cpp in Sources */,
				1A971F0522E1711000FB01A5 /* EventManager.cpp in Sources */,
				1A2B5E8922D2F0A200AAC0ED /* Window.cpp in Sources */,
				1A25DF9522F2B1670095EBCA /* Lava.cpp in Sources */,
				1A971F1122E2AF0800FB01A5 /* Button.cpp in Sources */,
				1A25DF9222EE54080095EBCA /* Player.cpp in Sources */,
			);
			runOnlyForDeploymentPostprocessing = 0;
		};
/* End PBXSourcesBuildPhase section */

/* Begin XCBuildConfiguration section */
		1A2B5E8022D2EEFB00AAC0ED /* Debug */ = {
			isa = XCBuildConfiguration;
			buildSettings = {
				ALWAYS_SEARCH_USER_PATHS = NO;
				CLANG_CXX_LANGUAGE_STANDARD = "gnu++0x";
				CLANG_CXX_LIBRARY = "libc++";
				CLANG_ENABLE_MODULES = YES;
				CLANG_ENABLE_OBJC_ARC = YES;
				CLANG_WARN_BOOL_CONVERSION = YES;
				CLANG_WARN_CONSTANT_CONVERSION = YES;
				CLANG_WARN_DIRECT_OBJC_ISA_USAGE = YES_ERROR;
				CLANG_WARN_EMPTY_BODY = YES;
				CLANG_WARN_ENUM_CONVERSION = YES;
				CLANG_WARN_INT_CONVERSION = YES;
				CLANG_WARN_OBJC_ROOT_CLASS = YES_ERROR;
				CLANG_WARN_UNREACHABLE_CODE = YES;
				CLANG_WARN__DUPLICATE_METHOD_MATCH = YES;
				CODE_SIGN_IDENTITY = "-";
				COPY_PHASE_STRIP = NO;
				DEBUG_INFORMATION_FORMAT = dwarf;
				ENABLE_STRICT_OBJC_MSGSEND = YES;
				ENABLE_TESTABILITY = YES;
				GCC_C_LANGUAGE_STANDARD = gnu99;
				GCC_DYNAMIC_NO_PIC = NO;
				GCC_NO_COMMON_BLOCKS = YES;
				GCC_OPTIMIZATION_LEVEL = 0;
				GCC_PREPROCESSOR_DEFINITIONS = (
					"DEBUG=1",
					"$(inherited)",
				);
				GCC_WARN_64_TO_32_BIT_CONVERSION = YES;
				GCC_WARN_ABOUT_RETURN_TYPE = YES_ERROR;
				GCC_WARN_UNDECLARED_SELECTOR = YES;
				GCC_WARN_UNINITIALIZED_AUTOS = YES_AGGRESSIVE;
				GCC_WARN_UNUSED_FUNCTION = YES;
				GCC_WARN_UNUSED_VARIABLE = YES;
				MACOSX_DEPLOYMENT_TARGET = 10.10;
				MTL_ENABLE_DEBUG_INFO = YES;
				ONLY_ACTIVE_ARCH = YES;
				SDKROOT = macosx;
			};
			name = Debug;
		};
		1A2B5E8122D2EEFB00AAC0ED /* Release */ = {
			isa = XCBuildConfiguration;
			buildSettings = {
				ALWAYS_SEARCH_USER_PATHS = NO;
				CLANG_CXX_LANGUAGE_STANDARD = "gnu++0x";
				CLANG_CXX_LIBRARY = "libc++";
				CLANG_ENABLE_MODULES = YES;
				CLANG_ENABLE_OBJC_ARC = YES;
				CLANG_WARN_BOOL_CONVERSION = YES;
				CLANG_WARN_CONSTANT_CONVERSION = YES;
				CLANG_WARN_DIRECT_OBJC_ISA_USAGE = YES_ERROR;
				CLANG_WARN_EMPTY_BODY = YES;
				CLANG_WARN_ENUM_CONVERSION = YES;
				CLANG_WARN_INT_CONVERSION = YES;
				CLANG_WARN_OBJC_ROOT_CLASS = YES_ERROR;
				CLANG_WARN_UNREACHABLE_CODE = YES;
				CLANG_WARN__DUPLICATE_METHOD_MATCH = YES;
				CODE_SIGN_IDENTITY = "-";
				COPY_PHASE_STRIP = NO;
				DEBUG_INFORMATION_FORMAT = "dwarf-with-dsym";
				ENABLE_NS_ASSERTIONS = NO;
				ENABLE_STRICT_OBJC_MSGSEND = YES;
				GCC_C_LANGUAGE_STANDARD = gnu99;
				GCC_NO_COMMON_BLOCKS = YES;
				GCC_WARN_64_TO_32_BIT_CONVERSION = YES;
				GCC_WARN_ABOUT_RETURN_TYPE = YES_ERROR;
				GCC_WARN_UNDECLARED_SELECTOR = YES;
				GCC_WARN_UNINITIALIZED_AUTOS = YES_AGGRESSIVE;
				GCC_WARN_UNUSED_FUNCTION = YES;
				GCC_WARN_UNUSED_VARIABLE = YES;
				MACOSX_DEPLOYMENT_TARGET = 10.10;
				MTL_ENABLE_DEBUG_INFO = NO;
				SDKROOT = macosx;
			};
			name = Release;
		};
		1A2B5E8322D2EEFB00AAC0ED /* Debug */ = {
			isa = XCBuildConfiguration;
			buildSettings = {
				FRAMEWORK_SEARCH_PATHS = (
					"$(inherited)",
					"$(LOCAL_LIBRARY_DIR)/Frameworks",
				);
				LD_RUNPATH_SEARCH_PATHS = ../Frameworks;
				PRODUCT_NAME = "$(TARGET_NAME)";
				SYMROOT = build;
			};
			name = Debug;
		};
		1A2B5E8422D2EEFB00AAC0ED /* Release */ = {
			isa = XCBuildConfiguration;
			buildSettings = {
				FRAMEWORK_SEARCH_PATHS = (
					"$(inherited)",
					"$(LOCAL_LIBRARY_DIR)/Frameworks",
				);
				LD_RUNPATH_SEARCH_PATHS = ../Frameworks;
				PRODUCT_NAME = "$(TARGET_NAME)";
				SYMROOT = build;
			};
			name = Release;
		};
/* End XCBuildConfiguration section */

/* Begin XCConfigurationList section */
		1A2B5E7622D2EEFB00AAC0ED /* Build configuration list for PBXProject "Avalanche" */ = {
			isa = XCConfigurationList;
			buildConfigurations = (
				1A2B5E8022D2EEFB00AAC0ED /* Debug */,
				1A2B5E8122D2EEFB00AAC0ED /* Release */,
			);
			defaultConfigurationIsVisible = 0;
			defaultConfigurationName = Release;
		};
		1A2B5E8222D2EEFB00AAC0ED /* Build configuration list for PBXNativeTarget "Avalanche" */ = {
			isa = XCConfigurationList;
			buildConfigurations = (
				1A2B5E8322D2EEFB00AAC0ED /* Debug */,
				1A2B5E8422D2EEFB00AAC0ED /* Release */,
			);
			defaultConfigurationIsVisible = 0;
			defaultConfigurationName = Release;
		};
/* End XCConfigurationList section */
	};
	rootObject = 1A2B5E7322D2EEFB00AAC0ED /* Project object */;
}
